
Microsoft Visual Studio Solution File, Format Version 12.00
# Visual Studio 15
VisualStudioVersion = 15.0.26730.16
MinimumVisualStudioVersion = 10.0.40219.1
Project("{FAE04EC0-301F-11D3-BF4B-00C04F79EFBC}") = "Skoodle", "Skoodle\Skoodle.csproj", "{5C08334C-F4BE-41D1-A39C-220EC98EF65D}"
EndProject
Global
	GlobalSection(SolutionConfigurationPlatforms) = preSolution
		Debug|Any CPU = Debug|Any CPU
		Release|Any CPU = Release|Any CPU
	EndGlobalSection
	GlobalSection(ProjectConfigurationPlatforms) = postSolution
		{5C08334C-F4BE-41D1-A39C-220EC98EF65D}.Debug|Any CPU.ActiveCfg = Debug|Any CPU
		{5C08334C-F4BE-41D1-A39C-220EC98EF65D}.Debug|Any CPU.Build.0 = Debug|Any CPU
		{5C08334C-F4BE-41D1-A39C-220EC98EF65D}.Release|Any CPU.ActiveCfg = Release|Any CPU
		{5C08334C-F4BE-41D1-A39C-220EC98EF65D}.Release|Any CPU.Build.0 = Release|Any CPU
	EndGlobalSection
	GlobalSection(SolutionProperties) = preSolution
		HideSolutionNode = FALSE
	EndGlobalSection
	GlobalSection(ExtensibilityGlobals) = postSolution
		SolutionGuid = {A702501E-7BA5-47CA-B753-B5806551E8A2}
	EndGlobalSection
EndGlobal
