
Microsoft Visual Studio Solution File, Format Version 12.00
# Visual Studio 15
VisualStudioVersion = 15.0.26730.16
MinimumVisualStudioVersion = 10.0.40219.1
Project("{FAE04EC0-301F-11D3-BF4B-00C04F79EFBC}") = "Skoodle", "Skoodle\Skoodle.csproj", "{B336D885-B609-4208-8D58-1B3038883331}"
EndProject
Global
	GlobalSection(SolutionConfigurationPlatforms) = preSolution
		Debug|Any CPU = Debug|Any CPU
		Release|Any CPU = Release|Any CPU
	EndGlobalSection
	GlobalSection(ProjectConfigurationPlatforms) = postSolution
		{B336D885-B609-4208-8D58-1B3038883331}.Debug|Any CPU.ActiveCfg = Debug|Any CPU
		{B336D885-B609-4208-8D58-1B3038883331}.Debug|Any CPU.Build.0 = Debug|Any CPU
		{B336D885-B609-4208-8D58-1B3038883331}.Release|Any CPU.ActiveCfg = Release|Any CPU
		{B336D885-B609-4208-8D58-1B3038883331}.Release|Any CPU.Build.0 = Release|Any CPU
	EndGlobalSection
	GlobalSection(SolutionProperties) = preSolution
		HideSolutionNode = FALSE
	EndGlobalSection
	GlobalSection(ExtensibilityGlobals) = postSolution
		SolutionGuid = {D493FED1-014C-4878-9A22-6CAE6E0CA13A}
	EndGlobalSection
EndGlobal
